
Microsoft Visual Studio Solution File, Format Version 12.00
# Visual Studio Version 17
VisualStudioVersion = 17.9.34728.123
MinimumVisualStudioVersion = 10.0.40219.1
Project("{FAE04EC0-301F-11D3-BF4B-00C04F79EFBC}") = "Exception_Handling", "Exception_Handling\Exception_Handling.csproj", "{CF3709F1-3F20-41FA-B6A3-59297A85C6CC}"
EndProject
Global
	GlobalSection(SolutionConfigurationPlatforms) = preSolution
		Debug|Any CPU = Debug|Any CPU
		Release|Any CPU = Release|Any CPU
	EndGlobalSection
	GlobalSection(ProjectConfigurationPlatforms) = postSolution
		{CF3709F1-3F20-41FA-B6A3-59297A85C6CC}.Debug|Any CPU.ActiveCfg = Debug|Any CPU
		{CF3709F1-3F20-41FA-B6A3-59297A85C6CC}.Debug|Any CPU.Build.0 = Debug|Any CPU
		{CF3709F1-3F20-41FA-B6A3-59297A85C6CC}.Release|Any CPU.ActiveCfg = Release|Any CPU
		{CF3709F1-3F20-41FA-B6A3-59297A85C6CC}.Release|Any CPU.Build.0 = Release|Any CPU
	EndGlobalSection
	GlobalSection(SolutionProperties) = preSolution
		HideSolutionNode = FALSE
	EndGlobalSection
	GlobalSection(ExtensibilityGlobals) = postSolution
		SolutionGuid = {ECA3CE8A-7646-423C-8F1B-FD173FBD5CA9}
	EndGlobalSection
EndGlobal
