
Microsoft Visual Studio Solution File, Format Version 12.00
# Visual Studio Version 17
VisualStudioVersion = 17.9.34728.123
MinimumVisualStudioVersion = 10.0.40219.1
Project("{FAE04EC0-301F-11D3-BF4B-00C04F79EFBC}") = "View", "View\View.csproj", "{C45D0E12-218B-4381-BEEF-ED8D5D6566AC}"
EndProject
Global
	GlobalSection(SolutionConfigurationPlatforms) = preSolution
		Debug|Any CPU = Debug|Any CPU
		Release|Any CPU = Release|Any CPU
	EndGlobalSection
	GlobalSection(ProjectConfigurationPlatforms) = postSolution
		{C45D0E12-218B-4381-BEEF-ED8D5D6566AC}.Debug|Any CPU.ActiveCfg = Debug|Any CPU
		{C45D0E12-218B-4381-BEEF-ED8D5D6566AC}.Debug|Any CPU.Build.0 = Debug|Any CPU
		{C45D0E12-218B-4381-BEEF-ED8D5D6566AC}.Release|Any CPU.ActiveCfg = Release|Any CPU
		{C45D0E12-218B-4381-BEEF-ED8D5D6566AC}.Release|Any CPU.Build.0 = Release|Any CPU
	EndGlobalSection
	GlobalSection(SolutionProperties) = preSolution
		HideSolutionNode = FALSE
	EndGlobalSection
	GlobalSection(ExtensibilityGlobals) = postSolution
		SolutionGuid = {1E19F881-B189-4F25-96B3-D82E0B254553}
	EndGlobalSection
EndGlobal
