
Microsoft Visual Studio Solution File, Format Version 12.00
# Visual Studio Version 17
VisualStudioVersion = 17.9.34728.123
MinimumVisualStudioVersion = 10.0.40219.1
Project("{FAE04EC0-301F-11D3-BF4B-00C04F79EFBC}") = "WebApplication", "WebApplication\WebApplication.csproj", "{67A50E0A-DF7C-43BC-A451-5B87BC4EF842}"
EndProject
Global
	GlobalSection(SolutionConfigurationPlatforms) = preSolution
		Debug|Any CPU = Debug|Any CPU
		Release|Any CPU = Release|Any CPU
	EndGlobalSection
	GlobalSection(ProjectConfigurationPlatforms) = postSolution
		{67A50E0A-DF7C-43BC-A451-5B87BC4EF842}.Debug|Any CPU.ActiveCfg = Debug|Any CPU
		{67A50E0A-DF7C-43BC-A451-5B87BC4EF842}.Debug|Any CPU.Build.0 = Debug|Any CPU
		{67A50E0A-DF7C-43BC-A451-5B87BC4EF842}.Release|Any CPU.ActiveCfg = Release|Any CPU
		{67A50E0A-DF7C-43BC-A451-5B87BC4EF842}.Release|Any CPU.Build.0 = Release|Any CPU
	EndGlobalSection
	GlobalSection(SolutionProperties) = preSolution
		HideSolutionNode = FALSE
	EndGlobalSection
	GlobalSection(ExtensibilityGlobals) = postSolution
		SolutionGuid = {EA3F4A01-DD37-4BA8-8EFC-E487A8BBA33B}
	EndGlobalSection
EndGlobal
