
Microsoft Visual Studio Solution File, Format Version 12.00
# Visual Studio Version 17
VisualStudioVersion = 17.9.34728.123
MinimumVisualStudioVersion = 10.0.40219.1
Project("{FAE04EC0-301F-11D3-BF4B-00C04F79EFBC}") = "LazyLoading", "LazyLoading\LazyLoading.csproj", "{CFAA3925-7A74-4167-AADF-BFE11364D530}"
EndProject
Global
	GlobalSection(SolutionConfigurationPlatforms) = preSolution
		Debug|Any CPU = Debug|Any CPU
		Release|Any CPU = Release|Any CPU
	EndGlobalSection
	GlobalSection(ProjectConfigurationPlatforms) = postSolution
		{CFAA3925-7A74-4167-AADF-BFE11364D530}.Debug|Any CPU.ActiveCfg = Debug|Any CPU
		{CFAA3925-7A74-4167-AADF-BFE11364D530}.Debug|Any CPU.Build.0 = Debug|Any CPU
		{CFAA3925-7A74-4167-AADF-BFE11364D530}.Release|Any CPU.ActiveCfg = Release|Any CPU
		{CFAA3925-7A74-4167-AADF-BFE11364D530}.Release|Any CPU.Build.0 = Release|Any CPU
	EndGlobalSection
	GlobalSection(SolutionProperties) = preSolution
		HideSolutionNode = FALSE
	EndGlobalSection
	GlobalSection(ExtensibilityGlobals) = postSolution
		SolutionGuid = {C9ABCDC7-6D7F-47D1-894A-B52623EC7709}
	EndGlobalSection
EndGlobal
