
Microsoft Visual Studio Solution File, Format Version 12.00
# Visual Studio Version 17
VisualStudioVersion = 17.9.34728.123
MinimumVisualStudioVersion = 10.0.40219.1
Project("{FAE04EC0-301F-11D3-BF4B-00C04F79EFBC}") = "Dynamic_Keyword", "Dynamic_Keyword\Dynamic_Keyword.csproj", "{63241EE0-0685-47A0-B571-6BF4B3B2C748}"
EndProject
Global
	GlobalSection(SolutionConfigurationPlatforms) = preSolution
		Debug|Any CPU = Debug|Any CPU
		Release|Any CPU = Release|Any CPU
	EndGlobalSection
	GlobalSection(ProjectConfigurationPlatforms) = postSolution
		{63241EE0-0685-47A0-B571-6BF4B3B2C748}.Debug|Any CPU.ActiveCfg = Debug|Any CPU
		{63241EE0-0685-47A0-B571-6BF4B3B2C748}.Debug|Any CPU.Build.0 = Debug|Any CPU
		{63241EE0-0685-47A0-B571-6BF4B3B2C748}.Release|Any CPU.ActiveCfg = Release|Any CPU
		{63241EE0-0685-47A0-B571-6BF4B3B2C748}.Release|Any CPU.Build.0 = Release|Any CPU
	EndGlobalSection
	GlobalSection(SolutionProperties) = preSolution
		HideSolutionNode = FALSE
	EndGlobalSection
	GlobalSection(ExtensibilityGlobals) = postSolution
		SolutionGuid = {272F31AE-27C9-4FE8-A2EA-89846DD831A6}
	EndGlobalSection
EndGlobal
