
Microsoft Visual Studio Solution File, Format Version 12.00
# Visual Studio Version 17
VisualStudioVersion = 17.9.34728.123
MinimumVisualStudioVersion = 10.0.40219.1
Project("{FAE04EC0-301F-11D3-BF4B-00C04F79EFBC}") = "Construtor", "Construtor\Construtor.csproj", "{9791F4CA-8856-48B3-A409-D942B1EB45FB}"
EndProject
Project("{FAE04EC0-301F-11D3-BF4B-00C04F79EFBC}") = "Constructor_Overloading", "Constructor_Overloading\Constructor_Overloading.csproj", "{F8898C4F-806F-434C-86AB-0907D9ED9FC9}"
EndProject
Global
	GlobalSection(SolutionConfigurationPlatforms) = preSolution
		Debug|Any CPU = Debug|Any CPU
		Release|Any CPU = Release|Any CPU
	EndGlobalSection
	GlobalSection(ProjectConfigurationPlatforms) = postSolution
		{9791F4CA-8856-48B3-A409-D942B1EB45FB}.Debug|Any CPU.ActiveCfg = Debug|Any CPU
		{9791F4CA-8856-48B3-A409-D942B1EB45FB}.Debug|Any CPU.Build.0 = Debug|Any CPU
		{9791F4CA-8856-48B3-A409-D942B1EB45FB}.Release|Any CPU.ActiveCfg = Release|Any CPU
		{9791F4CA-8856-48B3-A409-D942B1EB45FB}.Release|Any CPU.Build.0 = Release|Any CPU
		{F8898C4F-806F-434C-86AB-0907D9ED9FC9}.Debug|Any CPU.ActiveCfg = Debug|Any CPU
		{F8898C4F-806F-434C-86AB-0907D9ED9FC9}.Debug|Any CPU.Build.0 = Debug|Any CPU
		{F8898C4F-806F-434C-86AB-0907D9ED9FC9}.Release|Any CPU.ActiveCfg = Release|Any CPU
		{F8898C4F-806F-434C-86AB-0907D9ED9FC9}.Release|Any CPU.Build.0 = Release|Any CPU
	EndGlobalSection
	GlobalSection(SolutionProperties) = preSolution
		HideSolutionNode = FALSE
	EndGlobalSection
	GlobalSection(ExtensibilityGlobals) = postSolution
		SolutionGuid = {222984CB-2BB9-49F6-ABA2-3345B4608732}
	EndGlobalSection
EndGlobal
