
Microsoft Visual Studio Solution File, Format Version 12.00
# Visual Studio Version 17
VisualStudioVersion = 17.9.34728.123
MinimumVisualStudioVersion = 10.0.40219.1
Project("{FAE04EC0-301F-11D3-BF4B-00C04F79EFBC}") = "EntityCodeFirst", "EntityCodeFirst\EntityCodeFirst.csproj", "{89721849-D6D4-4BB4-8345-6D51F6F0471A}"
EndProject
Global
	GlobalSection(SolutionConfigurationPlatforms) = preSolution
		Debug|Any CPU = Debug|Any CPU
		Release|Any CPU = Release|Any CPU
	EndGlobalSection
	GlobalSection(ProjectConfigurationPlatforms) = postSolution
		{89721849-D6D4-4BB4-8345-6D51F6F0471A}.Debug|Any CPU.ActiveCfg = Debug|Any CPU
		{89721849-D6D4-4BB4-8345-6D51F6F0471A}.Debug|Any CPU.Build.0 = Debug|Any CPU
		{89721849-D6D4-4BB4-8345-6D51F6F0471A}.Release|Any CPU.ActiveCfg = Release|Any CPU
		{89721849-D6D4-4BB4-8345-6D51F6F0471A}.Release|Any CPU.Build.0 = Release|Any CPU
	EndGlobalSection
	GlobalSection(SolutionProperties) = preSolution
		HideSolutionNode = FALSE
	EndGlobalSection
	GlobalSection(ExtensibilityGlobals) = postSolution
		SolutionGuid = {BEE9DCCD-6D2F-444C-80A9-4AEDF1937D94}
	EndGlobalSection
EndGlobal
