
Microsoft Visual Studio Solution File, Format Version 12.00
# Visual Studio Version 17
VisualStudioVersion = 17.9.34728.123
MinimumVisualStudioVersion = 10.0.40219.1
Project("{FAE04EC0-301F-11D3-BF4B-00C04F79EFBC}") = "IENUMERABLE_IENUMERATOR_IQUERYABLE", "IENUMERABLE_IENUMERATOR_IQUERYABLE\IENUMERABLE_IENUMERATOR_IQUERYABLE.csproj", "{7828E1A0-A639-4DDD-8D5C-D04296BB3D70}"
EndProject
Global
	GlobalSection(SolutionConfigurationPlatforms) = preSolution
		Debug|Any CPU = Debug|Any CPU
		Release|Any CPU = Release|Any CPU
	EndGlobalSection
	GlobalSection(ProjectConfigurationPlatforms) = postSolution
		{7828E1A0-A639-4DDD-8D5C-D04296BB3D70}.Debug|Any CPU.ActiveCfg = Debug|Any CPU
		{7828E1A0-A639-4DDD-8D5C-D04296BB3D70}.Debug|Any CPU.Build.0 = Debug|Any CPU
		{7828E1A0-A639-4DDD-8D5C-D04296BB3D70}.Release|Any CPU.ActiveCfg = Release|Any CPU
		{7828E1A0-A639-4DDD-8D5C-D04296BB3D70}.Release|Any CPU.Build.0 = Release|Any CPU
	EndGlobalSection
	GlobalSection(SolutionProperties) = preSolution
		HideSolutionNode = FALSE
	EndGlobalSection
	GlobalSection(ExtensibilityGlobals) = postSolution
		SolutionGuid = {3D9F5B0C-C0E4-4B12-9745-703BBA52F98D}
	EndGlobalSection
EndGlobal
