
Microsoft Visual Studio Solution File, Format Version 12.00
# Visual Studio Version 17
VisualStudioVersion = 17.9.34728.123
MinimumVisualStudioVersion = 10.0.40219.1
Project("{FAE04EC0-301F-11D3-BF4B-00C04F79EFBC}") = "Coolection", "Coolection\Coolection.csproj", "{92EA98C7-4906-49F3-B2A0-6ADD2B1BF01C}"
EndProject
Global
	GlobalSection(SolutionConfigurationPlatforms) = preSolution
		Debug|Any CPU = Debug|Any CPU
		Release|Any CPU = Release|Any CPU
	EndGlobalSection
	GlobalSection(ProjectConfigurationPlatforms) = postSolution
		{92EA98C7-4906-49F3-B2A0-6ADD2B1BF01C}.Debug|Any CPU.ActiveCfg = Debug|Any CPU
		{92EA98C7-4906-49F3-B2A0-6ADD2B1BF01C}.Debug|Any CPU.Build.0 = Debug|Any CPU
		{92EA98C7-4906-49F3-B2A0-6ADD2B1BF01C}.Release|Any CPU.ActiveCfg = Release|Any CPU
		{92EA98C7-4906-49F3-B2A0-6ADD2B1BF01C}.Release|Any CPU.Build.0 = Release|Any CPU
	EndGlobalSection
	GlobalSection(SolutionProperties) = preSolution
		HideSolutionNode = FALSE
	EndGlobalSection
	GlobalSection(ExtensibilityGlobals) = postSolution
		SolutionGuid = {BD368152-7A27-4F52-BF9B-213547D19173}
	EndGlobalSection
EndGlobal
