
Microsoft Visual Studio Solution File, Format Version 12.00
# Visual Studio Version 17
VisualStudioVersion = 17.9.34728.123
MinimumVisualStudioVersion = 10.0.40219.1
Project("{FAE04EC0-301F-11D3-BF4B-00C04F79EFBC}") = "Linq", "Linq\Linq.csproj", "{80FF02E9-F455-48E8-96E4-D9146CD1F3F7}"
EndProject
Project("{FAE04EC0-301F-11D3-BF4B-00C04F79EFBC}") = "Linq_Program", "Linq_Program\Linq_Program.csproj", "{15DC5480-417D-4F1C-82EE-D9C0EF88F272}"
EndProject
Global
	GlobalSection(SolutionConfigurationPlatforms) = preSolution
		Debug|Any CPU = Debug|Any CPU
		Release|Any CPU = Release|Any CPU
	EndGlobalSection
	GlobalSection(ProjectConfigurationPlatforms) = postSolution
		{80FF02E9-F455-48E8-96E4-D9146CD1F3F7}.Debug|Any CPU.ActiveCfg = Debug|Any CPU
		{80FF02E9-F455-48E8-96E4-D9146CD1F3F7}.Debug|Any CPU.Build.0 = Debug|Any CPU
		{80FF02E9-F455-48E8-96E4-D9146CD1F3F7}.Release|Any CPU.ActiveCfg = Release|Any CPU
		{80FF02E9-F455-48E8-96E4-D9146CD1F3F7}.Release|Any CPU.Build.0 = Release|Any CPU
		{15DC5480-417D-4F1C-82EE-D9C0EF88F272}.Debug|Any CPU.ActiveCfg = Debug|Any CPU
		{15DC5480-417D-4F1C-82EE-D9C0EF88F272}.Debug|Any CPU.Build.0 = Debug|Any CPU
		{15DC5480-417D-4F1C-82EE-D9C0EF88F272}.Release|Any CPU.ActiveCfg = Release|Any CPU
		{15DC5480-417D-4F1C-82EE-D9C0EF88F272}.Release|Any CPU.Build.0 = Release|Any CPU
	EndGlobalSection
	GlobalSection(SolutionProperties) = preSolution
		HideSolutionNode = FALSE
	EndGlobalSection
	GlobalSection(ExtensibilityGlobals) = postSolution
		SolutionGuid = {C66E9A01-8AA7-479F-88A8-466DC93FC3C9}
	EndGlobalSection
EndGlobal
