
Microsoft Visual Studio Solution File, Format Version 12.00
# Visual Studio Version 17
VisualStudioVersion = 17.9.34728.123
MinimumVisualStudioVersion = 10.0.40219.1
Project("{FAE04EC0-301F-11D3-BF4B-00C04F79EFBC}") = "String_Interpolation", "String_Interpolation\String_Interpolation.csproj", "{6F6DCD3F-7E7C-4B6E-85F6-00C8D6131FB1}"
EndProject
Global
	GlobalSection(SolutionConfigurationPlatforms) = preSolution
		Debug|Any CPU = Debug|Any CPU
		Release|Any CPU = Release|Any CPU
	EndGlobalSection
	GlobalSection(ProjectConfigurationPlatforms) = postSolution
		{6F6DCD3F-7E7C-4B6E-85F6-00C8D6131FB1}.Debug|Any CPU.ActiveCfg = Debug|Any CPU
		{6F6DCD3F-7E7C-4B6E-85F6-00C8D6131FB1}.Debug|Any CPU.Build.0 = Debug|Any CPU
		{6F6DCD3F-7E7C-4B6E-85F6-00C8D6131FB1}.Release|Any CPU.ActiveCfg = Release|Any CPU
		{6F6DCD3F-7E7C-4B6E-85F6-00C8D6131FB1}.Release|Any CPU.Build.0 = Release|Any CPU
	EndGlobalSection
	GlobalSection(SolutionProperties) = preSolution
		HideSolutionNode = FALSE
	EndGlobalSection
	GlobalSection(ExtensibilityGlobals) = postSolution
		SolutionGuid = {72BFA95C-F04A-4E46-B454-929DEAE750A4}
	EndGlobalSection
EndGlobal
