
Microsoft Visual Studio Solution File, Format Version 12.00
# Visual Studio Version 17
VisualStudioVersion = 17.9.34728.123
MinimumVisualStudioVersion = 10.0.40219.1
Project("{FAE04EC0-301F-11D3-BF4B-00C04F79EFBC}") = "TPL", "TPL\TPL.csproj", "{831FFA26-CE2A-4D57-87F7-1A4BEB2E7E65}"
EndProject
Global
	GlobalSection(SolutionConfigurationPlatforms) = preSolution
		Debug|Any CPU = Debug|Any CPU
		Release|Any CPU = Release|Any CPU
	EndGlobalSection
	GlobalSection(ProjectConfigurationPlatforms) = postSolution
		{831FFA26-CE2A-4D57-87F7-1A4BEB2E7E65}.Debug|Any CPU.ActiveCfg = Debug|Any CPU
		{831FFA26-CE2A-4D57-87F7-1A4BEB2E7E65}.Debug|Any CPU.Build.0 = Debug|Any CPU
		{831FFA26-CE2A-4D57-87F7-1A4BEB2E7E65}.Release|Any CPU.ActiveCfg = Release|Any CPU
		{831FFA26-CE2A-4D57-87F7-1A4BEB2E7E65}.Release|Any CPU.Build.0 = Release|Any CPU
	EndGlobalSection
	GlobalSection(SolutionProperties) = preSolution
		HideSolutionNode = FALSE
	EndGlobalSection
	GlobalSection(ExtensibilityGlobals) = postSolution
		SolutionGuid = {A8C0C8D7-6FE2-42B7-9FDE-82FD3C8B525D}
	EndGlobalSection
EndGlobal
