
Microsoft Visual Studio Solution File, Format Version 12.00
# Visual Studio Version 17
VisualStudioVersion = 17.9.34728.123
MinimumVisualStudioVersion = 10.0.40219.1
Project("{FAE04EC0-301F-11D3-BF4B-00C04F79EFBC}") = "Diamond_Problems", "Diamond_Problems\Diamond_Problems.csproj", "{CF52E9FC-8DCE-4E36-B72F-DCBBF4EB6D8A}"
EndProject
Global
	GlobalSection(SolutionConfigurationPlatforms) = preSolution
		Debug|Any CPU = Debug|Any CPU
		Release|Any CPU = Release|Any CPU
	EndGlobalSection
	GlobalSection(ProjectConfigurationPlatforms) = postSolution
		{CF52E9FC-8DCE-4E36-B72F-DCBBF4EB6D8A}.Debug|Any CPU.ActiveCfg = Debug|Any CPU
		{CF52E9FC-8DCE-4E36-B72F-DCBBF4EB6D8A}.Debug|Any CPU.Build.0 = Debug|Any CPU
		{CF52E9FC-8DCE-4E36-B72F-DCBBF4EB6D8A}.Release|Any CPU.ActiveCfg = Release|Any CPU
		{CF52E9FC-8DCE-4E36-B72F-DCBBF4EB6D8A}.Release|Any CPU.Build.0 = Release|Any CPU
	EndGlobalSection
	GlobalSection(SolutionProperties) = preSolution
		HideSolutionNode = FALSE
	EndGlobalSection
	GlobalSection(ExtensibilityGlobals) = postSolution
		SolutionGuid = {B30CFEC7-5257-4B82-B1D9-3B712AE4231E}
	EndGlobalSection
EndGlobal
