
Microsoft Visual Studio Solution File, Format Version 12.00
# Visual Studio Version 17
VisualStudioVersion = 17.9.34728.123
MinimumVisualStudioVersion = 10.0.40219.1
Project("{FAE04EC0-301F-11D3-BF4B-00C04F79EFBC}") = "Depedency_Injection", "Depedency_Injection\Depedency_Injection.csproj", "{0A0A0EE0-EA21-48CB-8562-56BCB6831895}"
EndProject
Global
	GlobalSection(SolutionConfigurationPlatforms) = preSolution
		Debug|Any CPU = Debug|Any CPU
		Release|Any CPU = Release|Any CPU
	EndGlobalSection
	GlobalSection(ProjectConfigurationPlatforms) = postSolution
		{0A0A0EE0-EA21-48CB-8562-56BCB6831895}.Debug|Any CPU.ActiveCfg = Debug|Any CPU
		{0A0A0EE0-EA21-48CB-8562-56BCB6831895}.Debug|Any CPU.Build.0 = Debug|Any CPU
		{0A0A0EE0-EA21-48CB-8562-56BCB6831895}.Release|Any CPU.ActiveCfg = Release|Any CPU
		{0A0A0EE0-EA21-48CB-8562-56BCB6831895}.Release|Any CPU.Build.0 = Release|Any CPU
	EndGlobalSection
	GlobalSection(SolutionProperties) = preSolution
		HideSolutionNode = FALSE
	EndGlobalSection
	GlobalSection(ExtensibilityGlobals) = postSolution
		SolutionGuid = {B157FEE4-FCC9-4948-B1A0-10EDF81899D3}
	EndGlobalSection
EndGlobal
