
Microsoft Visual Studio Solution File, Format Version 12.00
# Visual Studio Version 17
VisualStudioVersion = 17.9.34728.123
MinimumVisualStudioVersion = 10.0.40219.1
Project("{FAE04EC0-301F-11D3-BF4B-00C04F79EFBC}") = "Thread_TPL", "Thread_TPL\Thread_TPL.csproj", "{CBFD7CB5-94E7-4CA2-A7C3-3DD0C90FAF2E}"
EndProject
Global
	GlobalSection(SolutionConfigurationPlatforms) = preSolution
		Debug|Any CPU = Debug|Any CPU
		Release|Any CPU = Release|Any CPU
	EndGlobalSection
	GlobalSection(ProjectConfigurationPlatforms) = postSolution
		{CBFD7CB5-94E7-4CA2-A7C3-3DD0C90FAF2E}.Debug|Any CPU.ActiveCfg = Debug|Any CPU
		{CBFD7CB5-94E7-4CA2-A7C3-3DD0C90FAF2E}.Debug|Any CPU.Build.0 = Debug|Any CPU
		{CBFD7CB5-94E7-4CA2-A7C3-3DD0C90FAF2E}.Release|Any CPU.ActiveCfg = Release|Any CPU
		{CBFD7CB5-94E7-4CA2-A7C3-3DD0C90FAF2E}.Release|Any CPU.Build.0 = Release|Any CPU
	EndGlobalSection
	GlobalSection(SolutionProperties) = preSolution
		HideSolutionNode = FALSE
	EndGlobalSection
	GlobalSection(ExtensibilityGlobals) = postSolution
		SolutionGuid = {A8979A21-5761-40BD-9F0C-F2CA30E3737C}
	EndGlobalSection
EndGlobal
