
Microsoft Visual Studio Solution File, Format Version 12.00
# Visual Studio Version 17
VisualStudioVersion = 17.9.34728.123
MinimumVisualStudioVersion = 10.0.40219.1
Project("{FAE04EC0-301F-11D3-BF4B-00C04F79EFBC}") = "Gneric_List", "Gneric_List\Gneric_List.csproj", "{631299F1-6318-44AA-A127-C85918E20E6D}"
EndProject
Project("{FAE04EC0-301F-11D3-BF4B-00C04F79EFBC}") = "Generic_Customer", "Generic_Customer\Generic_Customer.csproj", "{7885ED1C-B87C-4B91-B857-D1F121941BD2}"
EndProject
Global
	GlobalSection(SolutionConfigurationPlatforms) = preSolution
		Debug|Any CPU = Debug|Any CPU
		Release|Any CPU = Release|Any CPU
	EndGlobalSection
	GlobalSection(ProjectConfigurationPlatforms) = postSolution
		{631299F1-6318-44AA-A127-C85918E20E6D}.Debug|Any CPU.ActiveCfg = Debug|Any CPU
		{631299F1-6318-44AA-A127-C85918E20E6D}.Debug|Any CPU.Build.0 = Debug|Any CPU
		{631299F1-6318-44AA-A127-C85918E20E6D}.Release|Any CPU.ActiveCfg = Release|Any CPU
		{631299F1-6318-44AA-A127-C85918E20E6D}.Release|Any CPU.Build.0 = Release|Any CPU
		{7885ED1C-B87C-4B91-B857-D1F121941BD2}.Debug|Any CPU.ActiveCfg = Debug|Any CPU
		{7885ED1C-B87C-4B91-B857-D1F121941BD2}.Debug|Any CPU.Build.0 = Debug|Any CPU
		{7885ED1C-B87C-4B91-B857-D1F121941BD2}.Release|Any CPU.ActiveCfg = Release|Any CPU
		{7885ED1C-B87C-4B91-B857-D1F121941BD2}.Release|Any CPU.Build.0 = Release|Any CPU
	EndGlobalSection
	GlobalSection(SolutionProperties) = preSolution
		HideSolutionNode = FALSE
	EndGlobalSection
	GlobalSection(ExtensibilityGlobals) = postSolution
		SolutionGuid = {6A449E26-CDC1-43D2-9F67-6219E75ECCED}
	EndGlobalSection
EndGlobal
