
Microsoft Visual Studio Solution File, Format Version 12.00
# Visual Studio Version 17
VisualStudioVersion = 17.9.34728.123
MinimumVisualStudioVersion = 10.0.40219.1
Project("{FAE04EC0-301F-11D3-BF4B-00C04F79EFBC}") = "Ref_Out", "Ref_Out\Ref_Out.csproj", "{9D71C09A-0209-4DA7-81BF-FCA82D63C54B}"
EndProject
Global
	GlobalSection(SolutionConfigurationPlatforms) = preSolution
		Debug|Any CPU = Debug|Any CPU
		Release|Any CPU = Release|Any CPU
	EndGlobalSection
	GlobalSection(ProjectConfigurationPlatforms) = postSolution
		{9D71C09A-0209-4DA7-81BF-FCA82D63C54B}.Debug|Any CPU.ActiveCfg = Debug|Any CPU
		{9D71C09A-0209-4DA7-81BF-FCA82D63C54B}.Debug|Any CPU.Build.0 = Debug|Any CPU
		{9D71C09A-0209-4DA7-81BF-FCA82D63C54B}.Release|Any CPU.ActiveCfg = Release|Any CPU
		{9D71C09A-0209-4DA7-81BF-FCA82D63C54B}.Release|Any CPU.Build.0 = Release|Any CPU
	EndGlobalSection
	GlobalSection(SolutionProperties) = preSolution
		HideSolutionNode = FALSE
	EndGlobalSection
	GlobalSection(ExtensibilityGlobals) = postSolution
		SolutionGuid = {EA47C078-3DCD-4E1B-ABBB-22FD0AC2EE71}
	EndGlobalSection
EndGlobal
