
Microsoft Visual Studio Solution File, Format Version 12.00
# Visual Studio Version 17
VisualStudioVersion = 17.9.34728.123
MinimumVisualStudioVersion = 10.0.40219.1
Project("{FAE04EC0-301F-11D3-BF4B-00C04F79EFBC}") = "FirstMVC_Program", "FirstMVC_Program\FirstMVC_Program.csproj", "{1EE68B8C-9823-43FE-93CB-68A29E74C799}"
EndProject
Global
	GlobalSection(SolutionConfigurationPlatforms) = preSolution
		Debug|Any CPU = Debug|Any CPU
		Release|Any CPU = Release|Any CPU
	EndGlobalSection
	GlobalSection(ProjectConfigurationPlatforms) = postSolution
		{1EE68B8C-9823-43FE-93CB-68A29E74C799}.Debug|Any CPU.ActiveCfg = Debug|Any CPU
		{1EE68B8C-9823-43FE-93CB-68A29E74C799}.Debug|Any CPU.Build.0 = Debug|Any CPU
		{1EE68B8C-9823-43FE-93CB-68A29E74C799}.Release|Any CPU.ActiveCfg = Release|Any CPU
		{1EE68B8C-9823-43FE-93CB-68A29E74C799}.Release|Any CPU.Build.0 = Release|Any CPU
	EndGlobalSection
	GlobalSection(SolutionProperties) = preSolution
		HideSolutionNode = FALSE
	EndGlobalSection
	GlobalSection(ExtensibilityGlobals) = postSolution
		SolutionGuid = {7DF0BCE8-D1C4-4ADB-A5C0-B0348D4FBA11}
	EndGlobalSection
EndGlobal
