
Microsoft Visual Studio Solution File, Format Version 12.00
# Visual Studio Version 17
VisualStudioVersion = 17.9.34728.123
MinimumVisualStudioVersion = 10.0.40219.1
Project("{FAE04EC0-301F-11D3-BF4B-00C04F79EFBC}") = "MyNewAspWebApi", "MyNewAspWebApi\MyNewAspWebApi.csproj", "{719C064F-FDF9-4715-BA52-084CE4422F01}"
EndProject
Global
	GlobalSection(SolutionConfigurationPlatforms) = preSolution
		Debug|Any CPU = Debug|Any CPU
		Release|Any CPU = Release|Any CPU
	EndGlobalSection
	GlobalSection(ProjectConfigurationPlatforms) = postSolution
		{719C064F-FDF9-4715-BA52-084CE4422F01}.Debug|Any CPU.ActiveCfg = Debug|Any CPU
		{719C064F-FDF9-4715-BA52-084CE4422F01}.Debug|Any CPU.Build.0 = Debug|Any CPU
		{719C064F-FDF9-4715-BA52-084CE4422F01}.Release|Any CPU.ActiveCfg = Release|Any CPU
		{719C064F-FDF9-4715-BA52-084CE4422F01}.Release|Any CPU.Build.0 = Release|Any CPU
	EndGlobalSection
	GlobalSection(SolutionProperties) = preSolution
		HideSolutionNode = FALSE
	EndGlobalSection
	GlobalSection(ExtensibilityGlobals) = postSolution
		SolutionGuid = {84D6FD4E-1900-4C12-95B9-67A976575DC9}
	EndGlobalSection
EndGlobal
