
Microsoft Visual Studio Solution File, Format Version 12.00
# Visual Studio Version 17
VisualStudioVersion = 17.9.34728.123
MinimumVisualStudioVersion = 10.0.40219.1
Project("{FAE04EC0-301F-11D3-BF4B-00C04F79EFBC}") = "Async_Await", "Async_Await\Async_Await.csproj", "{1D60B2FA-9131-4114-9758-12F41A25919F}"
EndProject
Global
	GlobalSection(SolutionConfigurationPlatforms) = preSolution
		Debug|Any CPU = Debug|Any CPU
		Release|Any CPU = Release|Any CPU
	EndGlobalSection
	GlobalSection(ProjectConfigurationPlatforms) = postSolution
		{1D60B2FA-9131-4114-9758-12F41A25919F}.Debug|Any CPU.ActiveCfg = Debug|Any CPU
		{1D60B2FA-9131-4114-9758-12F41A25919F}.Debug|Any CPU.Build.0 = Debug|Any CPU
		{1D60B2FA-9131-4114-9758-12F41A25919F}.Release|Any CPU.ActiveCfg = Release|Any CPU
		{1D60B2FA-9131-4114-9758-12F41A25919F}.Release|Any CPU.Build.0 = Release|Any CPU
	EndGlobalSection
	GlobalSection(SolutionProperties) = preSolution
		HideSolutionNode = FALSE
	EndGlobalSection
	GlobalSection(ExtensibilityGlobals) = postSolution
		SolutionGuid = {3087B9D3-16FC-4A4D-83BB-E1FA20CCF660}
	EndGlobalSection
EndGlobal
