
Microsoft Visual Studio Solution File, Format Version 12.00
# Visual Studio Version 17
VisualStudioVersion = 17.9.34728.123
MinimumVisualStudioVersion = 10.0.40219.1
Project("{FAE04EC0-301F-11D3-BF4B-00C04F79EFBC}") = "AspNetFirstWebApi", "AspNetFirstWebApi\AspNetFirstWebApi.csproj", "{751BA778-22D5-4545-9F40-D735890458B8}"
EndProject
Global
	GlobalSection(SolutionConfigurationPlatforms) = preSolution
		Debug|Any CPU = Debug|Any CPU
		Release|Any CPU = Release|Any CPU
	EndGlobalSection
	GlobalSection(ProjectConfigurationPlatforms) = postSolution
		{751BA778-22D5-4545-9F40-D735890458B8}.Debug|Any CPU.ActiveCfg = Debug|Any CPU
		{751BA778-22D5-4545-9F40-D735890458B8}.Debug|Any CPU.Build.0 = Debug|Any CPU
		{751BA778-22D5-4545-9F40-D735890458B8}.Release|Any CPU.ActiveCfg = Release|Any CPU
		{751BA778-22D5-4545-9F40-D735890458B8}.Release|Any CPU.Build.0 = Release|Any CPU
	EndGlobalSection
	GlobalSection(SolutionProperties) = preSolution
		HideSolutionNode = FALSE
	EndGlobalSection
	GlobalSection(ExtensibilityGlobals) = postSolution
		SolutionGuid = {B92DB5C3-475E-4E62-A9C8-445CECC46F5D}
	EndGlobalSection
EndGlobal
