
Microsoft Visual Studio Solution File, Format Version 12.00
# Visual Studio Version 17
VisualStudioVersion = 17.9.34728.123
MinimumVisualStudioVersion = 10.0.40219.1
Project("{FAE04EC0-301F-11D3-BF4B-00C04F79EFBC}") = "WebApi_CRUD", "WebApi_CRUD\WebApi_CRUD.csproj", "{34269D11-338B-42E9-BB51-261CF69C2A2A}"
EndProject
Global
	GlobalSection(SolutionConfigurationPlatforms) = preSolution
		Debug|Any CPU = Debug|Any CPU
		Release|Any CPU = Release|Any CPU
	EndGlobalSection
	GlobalSection(ProjectConfigurationPlatforms) = postSolution
		{34269D11-338B-42E9-BB51-261CF69C2A2A}.Debug|Any CPU.ActiveCfg = Debug|Any CPU
		{34269D11-338B-42E9-BB51-261CF69C2A2A}.Debug|Any CPU.Build.0 = Debug|Any CPU
		{34269D11-338B-42E9-BB51-261CF69C2A2A}.Release|Any CPU.ActiveCfg = Release|Any CPU
		{34269D11-338B-42E9-BB51-261CF69C2A2A}.Release|Any CPU.Build.0 = Release|Any CPU
	EndGlobalSection
	GlobalSection(SolutionProperties) = preSolution
		HideSolutionNode = FALSE
	EndGlobalSection
	GlobalSection(ExtensibilityGlobals) = postSolution
		SolutionGuid = {38557D40-32E7-4F1B-B58A-D571867ED9DB}
	EndGlobalSection
EndGlobal
