
Microsoft Visual Studio Solution File, Format Version 12.00
# Visual Studio Version 17
VisualStudioVersion = 17.9.34728.123
MinimumVisualStudioVersion = 10.0.40219.1
Project("{FAE04EC0-301F-11D3-BF4B-00C04F79EFBC}") = "Delegates", "Delegates\Delegates.csproj", "{3FF88FBD-16A6-49B5-9281-C267B521CD88}"
EndProject
Project("{FAE04EC0-301F-11D3-BF4B-00C04F79EFBC}") = "Multicast_Delegate", "Multicast_Delegate\Multicast_Delegate.csproj", "{3822069B-AE12-4552-9C09-F6EBD51ECC34}"
EndProject
Global
	GlobalSection(SolutionConfigurationPlatforms) = preSolution
		Debug|Any CPU = Debug|Any CPU
		Release|Any CPU = Release|Any CPU
	EndGlobalSection
	GlobalSection(ProjectConfigurationPlatforms) = postSolution
		{3FF88FBD-16A6-49B5-9281-C267B521CD88}.Debug|Any CPU.ActiveCfg = Debug|Any CPU
		{3FF88FBD-16A6-49B5-9281-C267B521CD88}.Debug|Any CPU.Build.0 = Debug|Any CPU
		{3FF88FBD-16A6-49B5-9281-C267B521CD88}.Release|Any CPU.ActiveCfg = Release|Any CPU
		{3FF88FBD-16A6-49B5-9281-C267B521CD88}.Release|Any CPU.Build.0 = Release|Any CPU
		{3822069B-AE12-4552-9C09-F6EBD51ECC34}.Debug|Any CPU.ActiveCfg = Debug|Any CPU
		{3822069B-AE12-4552-9C09-F6EBD51ECC34}.Debug|Any CPU.Build.0 = Debug|Any CPU
		{3822069B-AE12-4552-9C09-F6EBD51ECC34}.Release|Any CPU.ActiveCfg = Release|Any CPU
		{3822069B-AE12-4552-9C09-F6EBD51ECC34}.Release|Any CPU.Build.0 = Release|Any CPU
	EndGlobalSection
	GlobalSection(SolutionProperties) = preSolution
		HideSolutionNode = FALSE
	EndGlobalSection
	GlobalSection(ExtensibilityGlobals) = postSolution
		SolutionGuid = {25596AB7-C80F-4CC6-AD9F-407DAD16F104}
	EndGlobalSection
EndGlobal
